// !$*UTF8*$!
{
	archiveVersion = 1;
	classes = {
	};
	objectVersion = 46;
	objects = {

/* Begin PBXBuildFile section */
		526729C21C208A6300BF4C90 /* JWBonjourManager.m in Sources */ = {isa = PBXBuildFile; fileRef = 526729BE1C208A6300BF4C90 /* JWBonjourManager.m */; };
		52FE455E1C1F165A00E3D8DA /* main.m in Sources */ = {isa = PBXBuildFile; fileRef = 52FE455D1C1F165A00E3D8DA /* main.m */; };
		52FE45611C1F165A00E3D8DA /* AppDelegate.m in Sources */ = {isa = PBXBuildFile; fileRef = 52FE45601C1F165A00E3D8DA /* AppDelegate.m */; };
		52FE45641C1F165A00E3D8DA /* ViewController.m in Sources */ = {isa = PBXBuildFile; fileRef = 52FE45631C1F165A00E3D8DA /* ViewController.m */; };
		52FE45671C1F165A00E3D8DA /* Main.storyboard in Resources */ = {isa = PBXBuildFile; fileRef = 52FE45651C1F165A00E3D8DA /* Main.storyboard */; };
		52FE45691C1F165A00E3D8DA /* Assets.xcassets in Resources */ = {isa = PBXBuildFile; fileRef = 52FE45681C1F165A00E3D8DA /* Assets.xcassets */; };
		52FE456C1C1F165A00E3D8DA /* LaunchScreen.storyboard in Resources */ = {isa = PBXBuildFile; fileRef = 52FE456A1C1F165A00E3D8DA /* LaunchScreen.storyboard */; };
/* End PBXBuildFile section */

/* Begin PBXFileReference section */
		526729BD1C208A6300BF4C90 /* JWBonjourManager.h */ = {isa = PBXFileReference; fileEncoding = 4; lastKnownFileType = sourcecode.c.h; path = JWBonjourManager.h; sourceTree = "<group>"; };
		526729BE1C208A6300BF4C90 /* JWBonjourManager.m */ = {isa = PBXFileReference; fileEncoding = 4; lastKnownFileType = sourcecode.c.objc; path = JWBonjourManager.m; sourceTree = "<group>"; };
		52FE45591C1F165A00E3D8DA /* mibox.app */ = {isa = PBXFileReference; explicitFileType = wrapper.application; includeInIndex = 0; path = mibox.app; sourceTree = BUILT_PRODUCTS_DIR; };
		52FE455D1C1F165A00E3D8DA /* main.m */ = {isa = PBXFileReference; lastKnownFileType = sourcecode.c.objc; path = main.m; sourceTree = "<group>"; };
		52FE455F1C1F165A00E3D8DA /* AppDelegate.h */ = {isa = PBXFileReference; lastKnownFileType = sourcecode.c.h; path = AppDelegate.h; sourceTree = "<group>"; };
		52FE45601C1F165A00E3D8DA /* AppDelegate.m */ = {isa = PBXFileReference; lastKnownFileType = sourcecode.c.objc; path = AppDelegate.m; sourceTree = "<group>"; };
		52FE45621C1F165A00E3D8DA /* ViewController.h */ = {isa = PBXFileReference; lastKnownFileType = sourcecode.c.h; path = ViewController.h; sourceTree = "<group>"; };
		52FE45631C1F165A00E3D8DA /* ViewController.m */ = {isa = PBXFileReference; lastKnownFileType = sourcecode.c.objc; path = ViewController.m; sourceTree = "<group>"; };
		52FE45661C1F165A00E3D8DA /* Base */ = {isa = PBXFileReference; lastKnownFileType = file.storyboard; name = Base; path = Base.lproj/Main.storyboard; sourceTree = "<group>"; };
		52FE45681C1F165A00E3D8DA /* Assets.xcassets */ = {isa = PBXFileReference; lastKnownFileType = folder.assetcatalog; path = Assets.xcassets; sourceTree = "<group>"; };
		52FE456B1C1F165A00E3D8DA /* Base */ = {isa = PBXFileReference; lastKnownFileType = file.storyboard; name = Base; path = Base.lproj/LaunchScreen.storyboard; sourceTree = "<group>"; };
		52FE456D1C1F165A00E3D8DA /* Info.plist */ = {isa = PBXFileReference; lastKnownFileType = text.plist.xml; path = Info.plist; sourceTree = "<group>"; };
/* End PBXFileReference section */

/* Begin PBXFrameworksBuildPhase section */
		52FE45561C1F165A00E3D8DA /* Frameworks */ = {
			isa = PBXFrameworksBuildPhase;
			buildActionMask = 2147483647;
			files = (
			);
			runOnlyForDeploymentPostprocessing = 0;
		};
/* End PBXFrameworksBuildPhase section */

/* Begin PBXGroup section */
		52FE45501C1F165A00E3D8DA = {
			isa = PBXGroup;
			children = (
				52FE455B1C1F165A00E3D8DA /* mibox */,
				52FE455A1C1F165A00E3D8DA /* Products */,
			);
			sourceTree = "<group>";
		};
		52FE455A1C1F165A00E3D8DA /* Products */ = {
			isa = PBXGroup;
			children = (
				52FE45591C1F165A00E3D8DA /* mibox.app */,
			);
			name = Products;
			sourceTree = "<group>";
		};
		52FE455B1C1F165A00E3D8DA /* mibox */ = {
			isa = PBXGroup;
			children = (
				526729BD1C208A6300BF4C90 /* JWBonjourManager.h */,
				526729BE1C208A6300BF4C90 /* JWBonjourManager.m */,
				52FE455F1C1F165A00E3D8DA /* AppDelegate.h */,
				52FE45601C1F165A00E3D8DA /* AppDelegate.m */,
				52FE45621C1F165A00E3D8DA /* ViewController.h */,
				52FE45631C1F165A00E3D8DA /* ViewController.m */,
				52FE45651C1F165A00E3D8DA /* Main.storyboard */,
				52FE45681C1F165A00E3D8DA /* Assets.xcassets */,
				52FE456A1C1F165A00E3D8DA /* LaunchScreen.storyboard */,
				52FE456D1C1F165A00E3D8DA /* Info.plist */,
				52FE455C1C1F165A00E3D8DA /* Supporting Files */,
			);
			path = mibox;
			sourceTree = "<group>";
		};
		52FE455C1C1F165A00E3D8DA /* Supporting Files */ = {
			isa = PBXGroup;
			children = (
				52FE455D1C1F165A00E3D8DA /* main.m */,
			);
			name = "Supporting Files";
			sourceTree = "<group>";
		};
/* End PBXGroup section */

/* Begin PBXNativeTarget section */
		52FE45581C1F165A00E3D8DA /* mibox */ = {
			isa = PBXNativeTarget;
			buildConfigurationList = 52FE45701C1F165A00E3D8DA /* Build configuration list for PBXNativeTarget "mibox" */;
			buildPhases = (
				52FE45551C1F165A00E3D8DA /* Sources */,
				52FE45561C1F165A00E3D8DA /* Frameworks */,
				52FE45571C1F165A00E3D8DA /* Resources */,
			);
			buildRules = (
			);
			dependencies = (
			);
			name = mibox;
			productName = mibox;
			productReference = 52FE45591C1F165A00E3D8DA /* mibox.app */;
			productType = "com.apple.product-type.application";
		};
/* End PBXNativeTarget section */

/* Begin PBXProject section */
		52FE45511C1F165A00E3D8DA /* Project object */ = {
			isa = PBXProject;
			attributes = {
				LastUpgradeCheck = 0720;
				ORGANIZATIONNAME = "John Wong";
				TargetAttributes = {
					52FE45581C1F165A00E3D8DA = {
						CreatedOnToolsVersion = 7.2;
					};
				};
			};
			buildConfigurationList = 52FE45541C1F165A00E3D8DA /* Build configuration list for PBXProject "mibox" */;
			compatibilityVersion = "Xcode 3.2";
			developmentRegion = English;
			hasScannedForEncodings = 0;
			knownRegions = (
				en,
				Base,
			);
			mainGroup = 52FE45501C1F165A00E3D8DA;
			productRefGroup = 52FE455A1C1F165A00E3D8DA /* Products */;
			projectDirPath = "";
			projectRoot = "";
			targets = (
				52FE45581C1F165A00E3D8DA /* mibox */,
			);
		};
/* End PBXProject section */

/* Begin PBXResourcesBuildPhase section */
		52FE45571C1F165A00E3D8DA /* Resources */ = {
			isa = PBXResourcesBuildPhase;
			buildActionMask = 2147483647;
			files = (
				52FE456C1C1F165A00E3D8DA /* LaunchScreen.storyboard in Resources */,
				52FE45691C1F165A00E3D8DA /* Assets.xcassets in Resources */,
				52FE45671C1F165A00E3D8DA /* Main.storyboard in Resources */,
			);
			runOnlyForDeploymentPostprocessing = 0;
		};
/* End PBXResourcesBuildPhase section */

/* Begin PBXSourcesBuildPhase section */
		52FE45551C1F165A00E3D8DA /* Sources */ = {
			isa = PBXSourcesBuildPhase;
			buildActionMask = 2147483647;
			files = (
				52FE45641C1F165A00E3D8DA /* ViewController.m in Sources */,
				526729C21C208A6300BF4C90 /* JWBonjourManager.m in Sources */,
				52FE45611C1F165A00E3D8DA /* AppDelegate.m in Sources */,
				52FE455E1C1F165A00E3D8DA /* main.m in Sources */,
			);
			runOnlyForDeploymentPostprocessing = 0;
		};
/* End PBXSourcesBuildPhase section */

/* Begin PBXVariantGroup section */
		52FE45651C1F165A00E3D8DA /* Main.storyboard */ = {
			isa = PBXVariantGroup;
			children = (
				52FE45661C1F165A00E3D8DA /* Base */,
			);
			name = Main.storyboard;
			sourceTree = "<group>";
		};
		52FE456A1C1F165A00E3D8DA /* LaunchScreen.storyboard */ = {
			isa = PBXVariantGroup;
			children = (
				52FE456B1C1F165A00E3D8DA /* Base */,
			);
			name = LaunchScreen.storyboard;
			sourceTree = "<group>";
		};
/* End PBXVariantGroup section */

/* Begin XCBuildConfiguration section */
		52FE456E1C1F165A00E3D8DA /* Debug */ = {
			isa = XCBuildConfiguration;
			buildSettings = {
				ALWAYS_SEARCH_USER_PATHS = NO;
				CLANG_CXX_LANGUAGE_STANDARD = "gnu++0x";
				CLANG_CXX_LIBRARY = "libc++";
				CLANG_ENABLE_MODULES = YES;
				CLANG_ENABLE_OBJC_ARC = YES;
				CLANG_WARN_BOOL_CONVERSION = YES;
				CLANG_WARN_CONSTANT_CONVERSION = YES;
				CLANG_WARN_DIRECT_OBJC_ISA_USAGE = YES_ERROR;
				CLANG_WARN_EMPTY_BODY = YES;
				CLANG_WARN_ENUM_CONVERSION = YES;
				CLANG_WARN_INT_CONVERSION = YES;
				CLANG_WARN_OBJC_ROOT_CLASS = YES_ERROR;
				CLANG_WARN_UNREACHABLE_CODE = YES;
				CLANG_WARN__DUPLICATE_METHOD_MATCH = YES;
				"CODE_SIGN_IDENTITY[sdk=iphoneos*]" = "iPhone Developer";
				COPY_PHASE_STRIP = NO;
				DEBUG_INFORMATION_FORMAT = dwarf;
				ENABLE_STRICT_OBJC_MSGSEND = YES;
				ENABLE_TESTABILITY = YES;
				GCC_C_LANGUAGE_STANDARD = gnu99;
				GCC_DYNAMIC_NO_PIC = NO;
				GCC_NO_COMMON_BLOCKS = YES;
				GCC_OPTIMIZATION_LEVEL = 0;
				GCC_PREPROCESSOR_DEFINITIONS = (
					"DEBUG=1",
					"$(inherited)",
				);
				GCC_WARN_64_TO_32_BIT_CONVERSION = YES;
				GCC_WARN_ABOUT_RETURN_TYPE = YES_ERROR;
				GCC_WARN_UNDECLARED_SELECTOR = YES;
				GCC_WARN_UNINITIALIZED_AUTOS = YES_AGGRESSIVE;
				GCC_WARN_UNUSED_FUNCTION = YES;
				GCC_WARN_UNUSED_VARIABLE = YES;
				IPHONEOS_DEPLOYMENT_TARGET = 9.2;
				MTL_ENABLE_DEBUG_INFO = YES;
				ONLY_ACTIVE_ARCH = YES;
				SDKROOT = iphoneos;
				TARGETED_DEVICE_FAMILY = "1,2";
			};
			name = Debug;
		};
		52FE456F1C1F165A00E3D8DA /* Release */ = {
			isa = XCBuildConfiguration;
			buildSettings = {
				ALWAYS_SEARCH_USER_PATHS = NO;
				CLANG_CXX_LANGUAGE_STANDARD = "gnu++0x";
				CLANG_CXX_LIBRARY = "libc++";
				CLANG_ENABLE_MODULES = YES;
				CLANG_ENABLE_OBJC_ARC = YES;
				CLANG_WARN_BOOL_CONVERSION = YES;
				CLANG_WARN_CONSTANT_CONVERSION = YES;
				CLANG_WARN_DIRECT_OBJC_ISA_USAGE = YES_ERROR;
				CLANG_WARN_EMPTY_BODY = YES;
				CLANG_WARN_ENUM_CONVERSION = YES;
				CLANG_WARN_INT_CONVERSION = YES;
				CLANG_WARN_OBJC_ROOT_CLASS = YES_ERROR;
				CLANG_WARN_UNREACHABLE_CODE = YES;
				CLANG_WARN__DUPLICATE_METHOD_MATCH = YES;
				"CODE_SIGN_IDENTITY[sdk=iphoneos*]" = "iPhone Developer";
				COPY_PHASE_STRIP = NO;
				DEBUG_INFORMATION_FORMAT = "dwarf-with-dsym";
				ENABLE_NS_ASSERTIONS = NO;
				ENABLE_STRICT_OBJC_MSGSEND = YES;
				GCC_C_LANGUAGE_STANDARD = gnu99;
				GCC_NO_COMMON_BLOCKS = YES;
				GCC_WARN_64_TO_32_BIT_CONVERSION = YES;
				GCC_WARN_ABOUT_RETURN_TYPE = YES_ERROR;
				GCC_WARN_UNDECLARED_SELECTOR = YES;
				GCC_WARN_UNINITIALIZED_AUTOS = YES_AGGRESSIVE;
				GCC_WARN_UNUSED_FUNCTION = YES;
				GCC_WARN_UNUSED_VARIABLE = YES;
				IPHONEOS_DEPLOYMENT_TARGET = 9.2;
				MTL_ENABLE_DEBUG_INFO = NO;
				SDKROOT = iphoneos;
				TARGETED_DEVICE_FAMILY = "1,2";
				VALIDATE_PRODUCT = YES;
			};
			name = Release;
		};
		52FE45711C1F165A00E3D8DA /* Debug */ = {
			isa = XCBuildConfiguration;
			buildSettings = {
				ASSETCATALOG_COMPILER_APPICON_NAME = AppIcon;
				INFOPLIST_FILE = mibox/Info.plist;
				LD_RUNPATH_SEARCH_PATHS = "$(inherited) @executable_path/Frameworks";
				PRODUCT_BUNDLE_IDENTIFIER = com.johnwong.mibox;
				PRODUCT_NAME = "$(TARGET_NAME)";
			};
			name = Debug;
		};
		52FE45721C1F165A00E3D8DA /* Release */ = {
			isa = XCBuildConfiguration;
			buildSettings = {
				ASSETCATALOG_COMPILER_APPICON_NAME = AppIcon;
				INFOPLIST_FILE = mibox/Info.plist;
				LD_RUNPATH_SEARCH_PATHS = "$(inherited) @executable_path/Frameworks";
				PRODUCT_BUNDLE_IDENTIFIER = com.johnwong.mibox;
				PRODUCT_NAME = "$(TARGET_NAME)";
			};
			name = Release;
		};
/* End XCBuildConfiguration section */

/* Begin XCConfigurationList section */
		52FE45541C1F165A00E3D8DA /* Build configuration list for PBXProject "mibox" */ = {
			isa = XCConfigurationList;
			buildConfigurations = (
				52FE456E1C1F165A00E3D8DA /* Debug */,
				52FE456F1C1F165A00E3D8DA /* Release */,
			);
			defaultConfigurationIsVisible = 0;
			defaultConfigurationName = Release;
		};
		52FE45701C1F165A00E3D8DA /* Build configuration list for PBXNativeTarget "mibox" */ = {
			isa = XCConfigurationList;
			buildConfigurations = (
				52FE45711C1F165A00E3D8DA /* Debug */,
				52FE45721C1F165A00E3D8DA /* Release */,
			);
			defaultConfigurationIsVisible = 0;
			defaultConfigurationName = Release;
		};
/* End XCConfigurationList section */
	};
	rootObject = 52FE45511C1F165A00E3D8DA /* Project object */;
}
